
Microsoft Visual Studio Solution File, Format Version 11.00
# Visual Studio 2010
Project("{FAE04EC0-301F-11D3-BF4B-00C04F79EFBC}") = "Assembly-CSharp", "Assembly-CSharp.csproj", "{7821887C-C591-76AF-AE2F-297F259DF196}"
EndProject
Project("{FAE04EC0-301F-11D3-BF4B-00C04F79EFBC}") = "Assembly-CSharp-firstpass", "Assembly-CSharp-firstpass.csproj", "{43BB5FA6-220B-7AD3-3096-4EE5BC4254DB}"
EndProject
Project("{FAE04EC0-301F-11D3-BF4B-00C04F79EFBC}") = "Assembly-CSharp-Editor-firstpass", "Assembly-CSharp-Editor-firstpass.csproj", "{F7D95FAA-C0CF-99A6-5C24-BBB632C4F8F2}"
EndProject
Global
	GlobalSection(SolutionConfigurationPlatforms) = preSolution
		Debug|Any CPU = Debug|Any CPU
		Release|Any CPU = Release|Any CPU
	EndGlobalSection
	GlobalSection(ProjectConfigurationPlatforms) = postSolution
		{7821887C-C591-76AF-AE2F-297F259DF196}.Debug|Any CPU.ActiveCfg = Debug|Any CPU
		{7821887C-C591-76AF-AE2F-297F259DF196}.Debug|Any CPU.Build.0 = Debug|Any CPU
		{7821887C-C591-76AF-AE2F-297F259DF196}.Release|Any CPU.ActiveCfg = Release|Any CPU
		{7821887C-C591-76AF-AE2F-297F259DF196}.Release|Any CPU.Build.0 = Release|Any CPU
		{43BB5FA6-220B-7AD3-3096-4EE5BC4254DB}.Debug|Any CPU.ActiveCfg = Debug|Any CPU
		{43BB5FA6-220B-7AD3-3096-4EE5BC4254DB}.Debug|Any CPU.Build.0 = Debug|Any CPU
		{43BB5FA6-220B-7AD3-3096-4EE5BC4254DB}.Release|Any CPU.ActiveCfg = Release|Any CPU
		{43BB5FA6-220B-7AD3-3096-4EE5BC4254DB}.Release|Any CPU.Build.0 = Release|Any CPU
		{F7D95FAA-C0CF-99A6-5C24-BBB632C4F8F2}.Debug|Any CPU.ActiveCfg = Debug|Any CPU
		{F7D95FAA-C0CF-99A6-5C24-BBB632C4F8F2}.Debug|Any CPU.Build.0 = Debug|Any CPU
		{F7D95FAA-C0CF-99A6-5C24-BBB632C4F8F2}.Release|Any CPU.ActiveCfg = Release|Any CPU
		{F7D95FAA-C0CF-99A6-5C24-BBB632C4F8F2}.Release|Any CPU.Build.0 = Release|Any CPU
	EndGlobalSection
	GlobalSection(SolutionProperties) = preSolution
		HideSolutionNode = FALSE
	EndGlobalSection
	GlobalSection(MonoDevelopProperties) = preSolution
		StartupItem = Assembly-CSharp.csproj
	EndGlobalSection
EndGlobal
