
Microsoft Visual Studio Solution File, Format Version 12.00
# Visual Studio 15
Project("{FAE04EC0-301F-11D3-BF4B-00C04F79EFBC}") = "001PinYinGame", "001PinYinGame.csproj", "{DECD71A7-B991-429D-759E-D958978A8A69}"
EndProject
Global
	GlobalSection(SolutionConfigurationPlatforms) = preSolution
		Debug|Any CPU = Debug|Any CPU
		Release|Any CPU = Release|Any CPU
	EndGlobalSection
	GlobalSection(ProjectConfigurationPlatforms) = postSolution
		{DECD71A7-B991-429D-759E-D958978A8A69}.Debug|Any CPU.ActiveCfg = Debug|Any CPU
		{DECD71A7-B991-429D-759E-D958978A8A69}.Debug|Any CPU.Build.0 = Debug|Any CPU
		{DECD71A7-B991-429D-759E-D958978A8A69}.Release|Any CPU.ActiveCfg = Release|Any CPU
		{DECD71A7-B991-429D-759E-D958978A8A69}.Release|Any CPU.Build.0 = Release|Any CPU
	EndGlobalSection
	GlobalSection(SolutionProperties) = preSolution
		HideSolutionNode = FALSE
	EndGlobalSection
EndGlobal
